
Microsoft Visual Studio Solution File, Format Version 12.00
# Visual Studio Version 17
VisualStudioVersion = 17.6.33829.357
MinimumVisualStudioVersion = 10.0.40219.1
Project("{9A19103F-16F7-4668-BE54-9A1E7A4F7556}") = "Laboratorium1", "Laboratorium1\Laboratorium1.csproj", "{982A8562-A3EA-4762-82E0-FF0199590ACC}"
EndProject
Project("{9A19103F-16F7-4668-BE54-9A1E7A4F7556}") = "laboratorium2", "laboratorium2\laboratorium2.csproj", "{171B05AA-686A-4437-B367-87FB8E743054}"
EndProject
Project("{9A19103F-16F7-4668-BE54-9A1E7A4F7556}") = "lab3_App", "Laboratorium3 - App\lab3_App.csproj", "{C5C34D24-D436-42C4-804C-2376E79B96C5}"
EndProject
Global
	GlobalSection(SolutionConfigurationPlatforms) = preSolution
		Debug|Any CPU = Debug|Any CPU
		Release|Any CPU = Release|Any CPU
	EndGlobalSection
	GlobalSection(ProjectConfigurationPlatforms) = postSolution
		{982A8562-A3EA-4762-82E0-FF0199590ACC}.Debug|Any CPU.ActiveCfg = Debug|Any CPU
		{982A8562-A3EA-4762-82E0-FF0199590ACC}.Debug|Any CPU.Build.0 = Debug|Any CPU
		{982A8562-A3EA-4762-82E0-FF0199590ACC}.Release|Any CPU.ActiveCfg = Release|Any CPU
		{982A8562-A3EA-4762-82E0-FF0199590ACC}.Release|Any CPU.Build.0 = Release|Any CPU
		{171B05AA-686A-4437-B367-87FB8E743054}.Debug|Any CPU.ActiveCfg = Debug|Any CPU
		{171B05AA-686A-4437-B367-87FB8E743054}.Debug|Any CPU.Build.0 = Debug|Any CPU
		{171B05AA-686A-4437-B367-87FB8E743054}.Release|Any CPU.ActiveCfg = Release|Any CPU
		{171B05AA-686A-4437-B367-87FB8E743054}.Release|Any CPU.Build.0 = Release|Any CPU
		{C5C34D24-D436-42C4-804C-2376E79B96C5}.Debug|Any CPU.ActiveCfg = Debug|Any CPU
		{C5C34D24-D436-42C4-804C-2376E79B96C5}.Debug|Any CPU.Build.0 = Debug|Any CPU
		{C5C34D24-D436-42C4-804C-2376E79B96C5}.Release|Any CPU.ActiveCfg = Release|Any CPU
		{C5C34D24-D436-42C4-804C-2376E79B96C5}.Release|Any CPU.Build.0 = Release|Any CPU
	EndGlobalSection
	GlobalSection(SolutionProperties) = preSolution
		HideSolutionNode = FALSE
	EndGlobalSection
	GlobalSection(ExtensibilityGlobals) = postSolution
		SolutionGuid = {A975851A-7DC0-4DB1-8D69-B647A808301D}
	EndGlobalSection
EndGlobal
